
Microsoft Visual Studio Solution File, Format Version 12.00
# Visual Studio 15
VisualStudioVersion = 15.0.28307.1169
MinimumVisualStudioVersion = 10.0.40219.1
Project("{FAE04EC0-301F-11D3-BF4B-00C04F79EFBC}") = "ECM", "ECM\ECM.csproj", "{035A9996-B047-43D7-96E0-EA97704DCFB9}"
EndProject
Global
	GlobalSection(SolutionConfigurationPlatforms) = preSolution
		Debug|Any CPU = Debug|Any CPU
		Release|Any CPU = Release|Any CPU
	EndGlobalSection
	GlobalSection(ProjectConfigurationPlatforms) = postSolution
		{035A9996-B047-43D7-96E0-EA97704DCFB9}.Debug|Any CPU.ActiveCfg = Debug|Any CPU
		{035A9996-B047-43D7-96E0-EA97704DCFB9}.Debug|Any CPU.Build.0 = Debug|Any CPU
		{035A9996-B047-43D7-96E0-EA97704DCFB9}.Release|Any CPU.ActiveCfg = Release|Any CPU
		{035A9996-B047-43D7-96E0-EA97704DCFB9}.Release|Any CPU.Build.0 = Release|Any CPU
	EndGlobalSection
	GlobalSection(SolutionProperties) = preSolution
		HideSolutionNode = FALSE
	EndGlobalSection
	GlobalSection(ExtensibilityGlobals) = postSolution
		SolutionGuid = {A93E6783-9D57-49FC-96F5-4A4D733BAE85}
	EndGlobalSection
EndGlobal
